{
  "version": "4",
  "specifiers": {
    "jsr:@hono/hono@^4.6.15": "4.6.15",
    "jsr:@std/assert@*": "1.0.10",
    "jsr:@std/internal@^1.0.5": "1.0.5",
    "npm:zod@^3.24.1": "3.24.1"
  },
  "jsr": {
    "@hono/hono@4.6.15": {
      "integrity": "935b3b12e98e4b22bcd1aa4dbe6587321e431c79829eba61f535b4ede39fd8b1"
    },
    "@std/assert@1.0.10": {
      "integrity": "59b5cbac5bd55459a19045d95cc7c2ff787b4f8527c0dd195078ff6f9481fbb3",
      "dependencies": [
        "jsr:@std/internal"
      ]
    },
    "@std/internal@1.0.5": {
      "integrity": "54a546004f769c1ac9e025abd15a76b6671ddc9687e2313b67376125650dc7ba"
    }
  },
  "npm": {
    "zod@3.24.1": {
      "integrity": "sha512-muH7gBL9sI1nciMZV67X5fTKKBLtwpZ5VBp1vsOQzj1MhrBZ4wlVCm3gedKZWLp0Oyel8sIGfeiz54Su+OVT+A=="
    }
  },
  "remote": {

  },
  "workspace": {
    "dependencies": [
      "jsr:@hono/hono@^4.6.15",
      "npm:zod@^3.24.1"
    ]
  }
}
